// !$*UTF8*$!
{
	archiveVersion = 1;
	classes = {
	};
	objectVersion = 77;
	objects = {

/* Begin PBXBuildFile section */
		0787E58D438D57A47B6DBB7B /* Thumbnailer.swift in Sources */ = {isa = PBXBuildFile; fileRef = D83BC586AEF42A6073ABDAC7 /* Thumbnailer.swift */; };
		105AA767C94FED907F0266AA /* Theme.swift in Sources */ = {isa = PBXBuildFile; fileRef = 4041AC328A428F032A6DEA32 /* Theme.swift */; };
		16B1F2EDC17CD159C88E9B95 /* DiaryDetailView.swift in Sources */ = {isa = PBXBuildFile; fileRef = 2FAF46BD7E57C1805C313012 /* DiaryDetailView.swift */; };
		215BA26D7E99600B0B3264C6 /* PurchaseManager.swift in Sources */ = {isa = PBXBuildFile; fileRef = 795BECD32926790DCDB8E444 /* PurchaseManager.swift */; };
		2AF724A608895B352E2D69DD /* OnboardingView.swift in Sources */ = {isa = PBXBuildFile; fileRef = E2C509DE88BD06AE7FADDCFA /* OnboardingView.swift */; };
		2DBAD8ACF10F2F907BC3A24D /* Typography.swift in Sources */ = {isa = PBXBuildFile; fileRef = C2C5C69451E04E2AA09B2BAD /* Typography.swift */; };
		2DFDF43B940A5E9F0A5DAAB7 /* InfoPlist.xcstrings in Resources */ = {isa = PBXBuildFile; fileRef = A96D95575AC5DB787EDE1A6C /* InfoPlist.xcstrings */; };
		3133AC9DA3F376E0ABE4D059 /* DraggableFAB.swift in Sources */ = {isa = PBXBuildFile; fileRef = 730428253EBFF81559BDEFE5 /* DraggableFAB.swift */; };
		3B7384C5EE00D91F08BE6A63 /* SettingsView.swift in Sources */ = {isa = PBXBuildFile; fileRef = 8B0526507D0402E407D332B7 /* SettingsView.swift */; };
		3E5B86DA5207F0DC7A6BFD22 /* ReadableColumn.swift in Sources */ = {isa = PBXBuildFile; fileRef = CFACC5D532628433B4006A89 /* ReadableColumn.swift */; };
		47195933FD95E396C935DACA /* PromptsView.swift in Sources */ = {isa = PBXBuildFile; fileRef = 2C88429E537710682CD580EB /* PromptsView.swift */; };
		4F2CE3CB5422B74E65645B2F /* DeletionCoordinator.swift in Sources */ = {isa = PBXBuildFile; fileRef = 42BCC7C7F5F73AFB2AAA29BE /* DeletionCoordinator.swift */; };
		54C7E7CB1209CAEB8BC9C780 /* fp3.m4a in Resources */ = {isa = PBXBuildFile; fileRef = F25A56B7AB6B3D643189D7A2 /* fp3.m4a */; };
		55A8F8138E3E72A7380C55D0 /* LongCang-Regular.ttf in Resources */ = {isa = PBXBuildFile; fileRef = 36DB3F7DC03FC97CF4E372F5 /* LongCang-Regular.ttf */; };
		55C6C66B8681A3BE3EC1EBA7 /* EmojiBubbleView.swift in Sources */ = {isa = PBXBuildFile; fileRef = 272BCC8892B20AC703C860DA /* EmojiBubbleView.swift */; };
		56B968D6297BA307BECC8606 /* FontPickerPanel.swift in Sources */ = {isa = PBXBuildFile; fileRef = 0CC40491749971D5EBED3271 /* FontPickerPanel.swift */; };
		5E7D19C257A98B8439A62FCB /* PaperLines.swift in Sources */ = {isa = PBXBuildFile; fileRef = 7B8ED5C18C84778C1F1E0FDE /* PaperLines.swift */; };
		5EC17C0513A9BB3E60D845BA /* DiaryPalette.swift in Sources */ = {isa = PBXBuildFile; fileRef = 5860D35E25B45942E35CCA9F /* DiaryPalette.swift */; };
		5FECFEF6DEF3E6925C84857E /* DimmedSheet.swift in Sources */ = {isa = PBXBuildFile; fileRef = 4C5A489003061A6443B9F70F /* DimmedSheet.swift */; };
		61FAB8E43B52D68A3D725DDD /* Spacing.swift in Sources */ = {isa = PBXBuildFile; fileRef = 1C8BE40BE7D50541B46696C2 /* Spacing.swift */; };
		6938124632DFEB0B451E6E46 /* 小可奶酪体.ttf in Resources */ = {isa = PBXBuildFile; fileRef = 210E0D7E2CBA71BD3EF21111 /* 小可奶酪体.ttf */; };
		6D3472382CBC9EF1D986132C /* RecordingView.swift in Sources */ = {isa = PBXBuildFile; fileRef = 9AC167C493898994EF4A3CB8 /* RecordingView.swift */; };
		6F0B8FC13E8295A2EDC38D17 /* PaywallView.swift in Sources */ = {isa = PBXBuildFile; fileRef = 1B3B0F7598E652A572FAAE2A /* PaywallView.swift */; };
		6F66DD4A3388AF7CA554CB80 /* SpriteKit.framework in Frameworks */ = {isa = PBXBuildFile; fileRef = 8102154847CAA9032CD7ED54 /* SpriteKit.framework */; };
		76D00FBCDF7546049B495DD9 /* EmotionAnalyzer.swift in Sources */ = {isa = PBXBuildFile; fileRef = 6A5164549A73A8B849D707D7 /* EmotionAnalyzer.swift */; };
		777759ED576E09CA64D81F6C /* DiaryEntry.swift in Sources */ = {isa = PBXBuildFile; fileRef = 2692BCF76843EDAEAAEEAA79 /* DiaryEntry.swift */; };
		7AB75BB68EE12C891BE46A75 /* DataManager.swift in Sources */ = {isa = PBXBuildFile; fileRef = 636060BD84D5C7955E7590AD /* DataManager.swift */; };
		7BBC8F20CB6F83BA55531C22 /* RootView.swift in Sources */ = {isa = PBXBuildFile; fileRef = 44BFC6227EFBDBF590EDFC68 /* RootView.swift */; };
		7E25B907F77A47E368B4F37C /* AppSettings.swift in Sources */ = {isa = PBXBuildFile; fileRef = 89FD967772E1150F0F2ABD59 /* AppSettings.swift */; };
		8EDEF59364E493DD5EFD3764 /* DiaryFont.swift in Sources */ = {isa = PBXBuildFile; fileRef = E8E08DF7CB2A3F8349F5D5CC /* DiaryFont.swift */; };
		8F758A4DDBAED915D4DB0712 /* BookPageView.swift in Sources */ = {isa = PBXBuildFile; fileRef = CCBF83F07A3120A007EF7754 /* BookPageView.swift */; };
		8FC779E3A0050B848B54DE49 /* ThemeManager.swift in Sources */ = {isa = PBXBuildFile; fileRef = FE851D8CB18C5F24C5BFBCEF /* ThemeManager.swift */; };
		9337A22672680313CE70CFF8 /* VoiceDiaryApp.swift in Sources */ = {isa = PBXBuildFile; fileRef = 79FAE5AC121B6F79103ED2A6 /* VoiceDiaryApp.swift */; };
		94335A0B208DC1CEB1373BA0 /* YSHaoShenTi.ttf in Resources */ = {isa = PBXBuildFile; fileRef = FD5D117A8D3D25770E0B291E /* YSHaoShenTi.ttf */; };
		95D2BAAA94F1F4A581178C6D /* NotificationManager.swift in Sources */ = {isa = PBXBuildFile; fileRef = 23B951EA8982A916BFDFC3DA /* NotificationManager.swift */; };
		9F84F203ADA80EFA85FEC594 /* AddDiaryView.swift in Sources */ = {isa = PBXBuildFile; fileRef = 57944CDD43799094BE2FA885 /* AddDiaryView.swift */; };
		A1B2C3D4E5F60718293A4B5C /* WelcomeEntry.swift in Sources */ = {isa = PBXBuildFile; fileRef = A1B2C3D4E5F60718293A4B5D /* WelcomeEntry.swift */; };
		A40BC54FD3B94727C758E17B /* FlowLayout.swift in Sources */ = {isa = PBXBuildFile; fileRef = BC597A5A843C76733C65A305 /* FlowLayout.swift */; };
		B06075D6BD614EAB8BBC08F7 /* SplitEntryCapsule.swift in Sources */ = {isa = PBXBuildFile; fileRef = 24CBA03DEACF411B85E80EE9 /* SplitEntryCapsule.swift */; };
		B11BA165AF5147E233211181 /* SpeechTranscriber.swift in Sources */ = {isa = PBXBuildFile; fileRef = B53C32988DDD959208DB6E24 /* SpeechTranscriber.swift */; };
		B37A9F1707BC9C68E2DBAD30 /* PreviewHelper.swift in Sources */ = {isa = PBXBuildFile; fileRef = DDC1A19E78D7CFA768B0C098 /* PreviewHelper.swift */; };
		B51BFA5A5B47098D6D606454 /* ScreenshotSeeder.swift in Sources */ = {isa = PBXBuildFile; fileRef = 728CA476601BEA386DA4213A /* ScreenshotSeeder.swift */; };
		B89743C9E648351793B797AC /* PrivacyLockManager.swift in Sources */ = {isa = PBXBuildFile; fileRef = 2196024DED362C7E57040862 /* PrivacyLockManager.swift */; };
		BCD3546A0814C41E6C32528C /* StatsView.swift in Sources */ = {isa = PBXBuildFile; fileRef = 818105303A993B6FF12D3D78 /* StatsView.swift */; };
		C08C7D665C5FE5790FB32510 /* Slidexiaxing-Regular.ttf in Resources */ = {isa = PBXBuildFile; fileRef = 8EC3A2B6E7742FC39EA2E410 /* Slidexiaxing-Regular.ttf */; };
		C4A772EFB5708A1A40380D6D /* CoverView.swift in Sources */ = {isa = PBXBuildFile; fileRef = DF5E9FDFD1A8C59494E0506A /* CoverView.swift */; };
		CAEF9A0B6F0A95366643FA99 /* PhotoFullScreenView.swift in Sources */ = {isa = PBXBuildFile; fileRef = D343B002A2CF86B2EFEAE10F /* PhotoFullScreenView.swift */; };
		CB47DA206EACA30B6064DA15 /* Localizable.xcstrings in Resources */ = {isa = PBXBuildFile; fileRef = AF355B94184388F6244E908D /* Localizable.xcstrings */; };
		CE8560DDF30ECAEA72718693 /* Assets.xcassets in Resources */ = {isa = PBXBuildFile; fileRef = 387F81EB6595240D8830BD28 /* Assets.xcassets */; };
		DBF15E85C11F5C8634DC5AD6 /* ViewSizeTests.swift in Sources */ = {isa = PBXBuildFile; fileRef = 0C4342CFC9BC4FA749E94D2A /* ViewSizeTests.swift */; };
		DC6CAA4061DCBE8FF0165AEA /* InsightsView.swift in Sources */ = {isa = PBXBuildFile; fileRef = 34D0DA937D925CB5F377DE4E /* InsightsView.swift */; };
		DEB749B16BF6E0EB3A6A8969 /* VoiceRecorder.swift in Sources */ = {isa = PBXBuildFile; fileRef = A2D82951BF0E45C8A15D4E09 /* VoiceRecorder.swift */; };
		E1592199726EF8D96C935FBE /* RatingManager.swift in Sources */ = {isa = PBXBuildFile; fileRef = 3FF810B4CE5889E474A15307 /* RatingManager.swift */; };
		F6E7675E4B8497379C029B4B /* DiaryListView.swift in Sources */ = {isa = PBXBuildFile; fileRef = 371E89CD6EF5398B74987B8E /* DiaryListView.swift */; };
		FBB6726A32CB49CF3D6DEB14 /* PrivacyInfo.xcprivacy in Resources */ = {isa = PBXBuildFile; fileRef = 88B806901A7927C89A96A80C /* PrivacyInfo.xcprivacy */; };
/* End PBXBuildFile section */

/* Begin PBXContainerItemProxy section */
		A1BDE0820FAF42BAEF234E5F /* PBXContainerItemProxy */ = {
			isa = PBXContainerItemProxy;
			containerPortal = 22863D36D5C5A4F9C2F670EE /* Project object */;
			proxyType = 1;
			remoteGlobalIDString = B9F15BDABC47A8060577BF9F;
			remoteInfo = VoiceDiary;
		};
/* End PBXContainerItemProxy section */

/* Begin PBXFileReference section */
		0C4342CFC9BC4FA749E94D2A /* ViewSizeTests.swift */ = {isa = PBXFileReference; lastKnownFileType = sourcecode.swift; path = ViewSizeTests.swift; sourceTree = "<group>"; };
		0CC40491749971D5EBED3271 /* FontPickerPanel.swift */ = {isa = PBXFileReference; lastKnownFileType = sourcecode.swift; path = FontPickerPanel.swift; sourceTree = "<group>"; };
		1B3B0F7598E652A572FAAE2A /* PaywallView.swift */ = {isa = PBXFileReference; lastKnownFileType = sourcecode.swift; path = PaywallView.swift; sourceTree = "<group>"; };
		1C8BE40BE7D50541B46696C2 /* Spacing.swift */ = {isa = PBXFileReference; lastKnownFileType = sourcecode.swift; path = Spacing.swift; sourceTree = "<group>"; };
		1CA6B754AFDFDAF2C8AF9C01 /* VoiceDiaryTests.xctest */ = {isa = PBXFileReference; includeInIndex = 0; lastKnownFileType = wrapper.cfbundle; path = VoiceDiaryTests.xctest; sourceTree = BUILT_PRODUCTS_DIR; };
		210E0D7E2CBA71BD3EF21111 /* 小可奶酪体.ttf */ = {isa = PBXFileReference; lastKnownFileType = file; path = "小可奶酪体.ttf"; sourceTree = "<group>"; };
		2196024DED362C7E57040862 /* PrivacyLockManager.swift */ = {isa = PBXFileReference; lastKnownFileType = sourcecode.swift; path = PrivacyLockManager.swift; sourceTree = "<group>"; };
		23B951EA8982A916BFDFC3DA /* NotificationManager.swift */ = {isa = PBXFileReference; lastKnownFileType = sourcecode.swift; path = NotificationManager.swift; sourceTree = "<group>"; };
		24CBA03DEACF411B85E80EE9 /* SplitEntryCapsule.swift */ = {isa = PBXFileReference; lastKnownFileType = sourcecode.swift; path = SplitEntryCapsule.swift; sourceTree = "<group>"; };
		2692BCF76843EDAEAAEEAA79 /* DiaryEntry.swift */ = {isa = PBXFileReference; lastKnownFileType = sourcecode.swift; path = DiaryEntry.swift; sourceTree = "<group>"; };
		272BCC8892B20AC703C860DA /* EmojiBubbleView.swift */ = {isa = PBXFileReference; lastKnownFileType = sourcecode.swift; path = EmojiBubbleView.swift; sourceTree = "<group>"; };
		2C88429E537710682CD580EB /* PromptsView.swift */ = {isa = PBXFileReference; lastKnownFileType = sourcecode.swift; path = PromptsView.swift; sourceTree = "<group>"; };
		2FAF46BD7E57C1805C313012 /* DiaryDetailView.swift */ = {isa = PBXFileReference; lastKnownFileType = sourcecode.swift; path = DiaryDetailView.swift; sourceTree = "<group>"; };
		30040C9F616FE5225F189FF9 /* VoiceDiary.app */ = {isa = PBXFileReference; explicitFileType = wrapper.application; includeInIndex = 0; path = VoiceDiary.app; sourceTree = BUILT_PRODUCTS_DIR; };
		34D0DA937D925CB5F377DE4E /* InsightsView.swift */ = {isa = PBXFileReference; lastKnownFileType = sourcecode.swift; path = InsightsView.swift; sourceTree = "<group>"; };
		36DB3F7DC03FC97CF4E372F5 /* LongCang-Regular.ttf */ = {isa = PBXFileReference; lastKnownFileType = file; path = "LongCang-Regular.ttf"; sourceTree = "<group>"; };
		371E89CD6EF5398B74987B8E /* DiaryListView.swift */ = {isa = PBXFileReference; lastKnownFileType = sourcecode.swift; path = DiaryListView.swift; sourceTree = "<group>"; };
		387F81EB6595240D8830BD28 /* Assets.xcassets */ = {isa = PBXFileReference; lastKnownFileType = folder.assetcatalog; path = Assets.xcassets; sourceTree = "<group>"; };
		3FF810B4CE5889E474A15307 /* RatingManager.swift */ = {isa = PBXFileReference; lastKnownFileType = sourcecode.swift; path = RatingManager.swift; sourceTree = "<group>"; };
		4041AC328A428F032A6DEA32 /* Theme.swift */ = {isa = PBXFileReference; lastKnownFileType = sourcecode.swift; path = Theme.swift; sourceTree = "<group>"; };
		42BCC7C7F5F73AFB2AAA29BE /* DeletionCoordinator.swift */ = {isa = PBXFileReference; lastKnownFileType = sourcecode.swift; path = DeletionCoordinator.swift; sourceTree = "<group>"; };
		44BFC6227EFBDBF590EDFC68 /* RootView.swift */ = {isa = PBXFileReference; lastKnownFileType = sourcecode.swift; path = RootView.swift; sourceTree = "<group>"; };
		4C5A489003061A6443B9F70F /* DimmedSheet.swift */ = {isa = PBXFileReference; lastKnownFileType = sourcecode.swift; path = DimmedSheet.swift; sourceTree = "<group>"; };
		57944CDD43799094BE2FA885 /* AddDiaryView.swift */ = {isa = PBXFileReference; lastKnownFileType = sourcecode.swift; path = AddDiaryView.swift; sourceTree = "<group>"; };
		5860D35E25B45942E35CCA9F /* DiaryPalette.swift */ = {isa = PBXFileReference; lastKnownFileType = sourcecode.swift; path = DiaryPalette.swift; sourceTree = "<group>"; };
		636060BD84D5C7955E7590AD /* DataManager.swift */ = {isa = PBXFileReference; lastKnownFileType = sourcecode.swift; path = DataManager.swift; sourceTree = "<group>"; };
		6A5164549A73A8B849D707D7 /* EmotionAnalyzer.swift */ = {isa = PBXFileReference; lastKnownFileType = sourcecode.swift; path = EmotionAnalyzer.swift; sourceTree = "<group>"; };
		728CA476601BEA386DA4213A /* ScreenshotSeeder.swift */ = {isa = PBXFileReference; lastKnownFileType = sourcecode.swift; path = ScreenshotSeeder.swift; sourceTree = "<group>"; };
		730428253EBFF81559BDEFE5 /* DraggableFAB.swift */ = {isa = PBXFileReference; lastKnownFileType = sourcecode.swift; path = DraggableFAB.swift; sourceTree = "<group>"; };
		795BECD32926790DCDB8E444 /* PurchaseManager.swift */ = {isa = PBXFileReference; lastKnownFileType = sourcecode.swift; path = PurchaseManager.swift; sourceTree = "<group>"; };
		79FAE5AC121B6F79103ED2A6 /* VoiceDiaryApp.swift */ = {isa = PBXFileReference; lastKnownFileType = sourcecode.swift; path = VoiceDiaryApp.swift; sourceTree = "<group>"; };
		7B8ED5C18C84778C1F1E0FDE /* PaperLines.swift */ = {isa = PBXFileReference; lastKnownFileType = sourcecode.swift; path = PaperLines.swift; sourceTree = "<group>"; };
		8102154847CAA9032CD7ED54 /* SpriteKit.framework */ = {isa = PBXFileReference; lastKnownFileType = wrapper.framework; name = SpriteKit.framework; path = System/Library/Frameworks/SpriteKit.framework; sourceTree = SDKROOT; };
		818105303A993B6FF12D3D78 /* StatsView.swift */ = {isa = PBXFileReference; lastKnownFileType = sourcecode.swift; path = StatsView.swift; sourceTree = "<group>"; };
		88B806901A7927C89A96A80C /* PrivacyInfo.xcprivacy */ = {isa = PBXFileReference; lastKnownFileType = text.xml; path = PrivacyInfo.xcprivacy; sourceTree = "<group>"; };
		89FD967772E1150F0F2ABD59 /* AppSettings.swift */ = {isa = PBXFileReference; lastKnownFileType = sourcecode.swift; path = AppSettings.swift; sourceTree = "<group>"; };
		8B0526507D0402E407D332B7 /* SettingsView.swift */ = {isa = PBXFileReference; lastKnownFileType = sourcecode.swift; path = SettingsView.swift; sourceTree = "<group>"; };
		8EC3A2B6E7742FC39EA2E410 /* Slidexiaxing-Regular.ttf */ = {isa = PBXFileReference; lastKnownFileType = file; path = "Slidexiaxing-Regular.ttf"; sourceTree = "<group>"; };
		9AC167C493898994EF4A3CB8 /* RecordingView.swift */ = {isa = PBXFileReference; lastKnownFileType = sourcecode.swift; path = RecordingView.swift; sourceTree = "<group>"; };
		A1B2C3D4E5F60718293A4B5D /* WelcomeEntry.swift */ = {isa = PBXFileReference; lastKnownFileType = sourcecode.swift; path = WelcomeEntry.swift; sourceTree = "<group>"; };
		A2D82951BF0E45C8A15D4E09 /* VoiceRecorder.swift */ = {isa = PBXFileReference; lastKnownFileType = sourcecode.swift; path = VoiceRecorder.swift; sourceTree = "<group>"; };
		A96D95575AC5DB787EDE1A6C /* InfoPlist.xcstrings */ = {isa = PBXFileReference; lastKnownFileType = text.json.xcstrings; path = InfoPlist.xcstrings; sourceTree = "<group>"; };
		AF355B94184388F6244E908D /* Localizable.xcstrings */ = {isa = PBXFileReference; lastKnownFileType = text.json.xcstrings; path = Localizable.xcstrings; sourceTree = "<group>"; };
		B53C32988DDD959208DB6E24 /* SpeechTranscriber.swift */ = {isa = PBXFileReference; lastKnownFileType = sourcecode.swift; path = SpeechTranscriber.swift; sourceTree = "<group>"; };
		BC597A5A843C76733C65A305 /* FlowLayout.swift */ = {isa = PBXFileReference; lastKnownFileType = sourcecode.swift; path = FlowLayout.swift; sourceTree = "<group>"; };
		C2C5C69451E04E2AA09B2BAD /* Typography.swift */ = {isa = PBXFileReference; lastKnownFileType = sourcecode.swift; path = Typography.swift; sourceTree = "<group>"; };
		CCBF83F07A3120A007EF7754 /* BookPageView.swift */ = {isa = PBXFileReference; lastKnownFileType = sourcecode.swift; path = BookPageView.swift; sourceTree = "<group>"; };
		CFACC5D532628433B4006A89 /* ReadableColumn.swift */ = {isa = PBXFileReference; lastKnownFileType = sourcecode.swift; path = ReadableColumn.swift; sourceTree = "<group>"; };
		D343B002A2CF86B2EFEAE10F /* PhotoFullScreenView.swift */ = {isa = PBXFileReference; lastKnownFileType = sourcecode.swift; path = PhotoFullScreenView.swift; sourceTree = "<group>"; };
		D83BC586AEF42A6073ABDAC7 /* Thumbnailer.swift */ = {isa = PBXFileReference; lastKnownFileType = sourcecode.swift; path = Thumbnailer.swift; sourceTree = "<group>"; };
		DDC1A19E78D7CFA768B0C098 /* PreviewHelper.swift */ = {isa = PBXFileReference; lastKnownFileType = sourcecode.swift; path = PreviewHelper.swift; sourceTree = "<group>"; };
		DF5E9FDFD1A8C59494E0506A /* CoverView.swift */ = {isa = PBXFileReference; lastKnownFileType = sourcecode.swift; path = CoverView.swift; sourceTree = "<group>"; };
		E2C509DE88BD06AE7FADDCFA /* OnboardingView.swift */ = {isa = PBXFileReference; lastKnownFileType = sourcecode.swift; path = OnboardingView.swift; sourceTree = "<group>"; };
		E8E08DF7CB2A3F8349F5D5CC /* DiaryFont.swift */ = {isa = PBXFileReference; lastKnownFileType = sourcecode.swift; path = DiaryFont.swift; sourceTree = "<group>"; };
		F25A56B7AB6B3D643189D7A2 /* fp3.m4a */ = {isa = PBXFileReference; lastKnownFileType = file; path = fp3.m4a; sourceTree = "<group>"; };
		FD5D117A8D3D25770E0B291E /* YSHaoShenTi.ttf */ = {isa = PBXFileReference; lastKnownFileType = file; path = YSHaoShenTi.ttf; sourceTree = "<group>"; };
		FE851D8CB18C5F24C5BFBCEF /* ThemeManager.swift */ = {isa = PBXFileReference; lastKnownFileType = sourcecode.swift; path = ThemeManager.swift; sourceTree = "<group>"; };
/* End PBXFileReference section */

/* Begin PBXFrameworksBuildPhase section */
		F44160C2F00A3DEB654DD421 /* Frameworks */ = {
			isa = PBXFrameworksBuildPhase;
			buildActionMask = 2147483647;
			files = (
				6F66DD4A3388AF7CA554CB80 /* SpriteKit.framework in Frameworks */,
			);
			runOnlyForDeploymentPostprocessing = 0;
		};
/* End PBXFrameworksBuildPhase section */

/* Begin PBXGroup section */
		0CE8116EF08A255821630854 /* Editor */ = {
			isa = PBXGroup;
			children = (
				57944CDD43799094BE2FA885 /* AddDiaryView.swift */,
				0CC40491749971D5EBED3271 /* FontPickerPanel.swift */,
				9AC167C493898994EF4A3CB8 /* RecordingView.swift */,
			);
			path = Editor;
			sourceTree = "<group>";
		};
		14C3FA1282702A1A8BE3A3D0 /* Detail */ = {
			isa = PBXGroup;
			children = (
				2FAF46BD7E57C1805C313012 /* DiaryDetailView.swift */,
				D343B002A2CF86B2EFEAE10F /* PhotoFullScreenView.swift */,
			);
			path = Detail;
			sourceTree = "<group>";
		};
		2FD792B567C21ED089746326 /* Components */ = {
			isa = PBXGroup;
			children = (
				730428253EBFF81559BDEFE5 /* DraggableFAB.swift */,
				24CBA03DEACF411B85E80EE9 /* SplitEntryCapsule.swift */,
				BC597A5A843C76733C65A305 /* FlowLayout.swift */,
				7B8ED5C18C84778C1F1E0FDE /* PaperLines.swift */,
			);
			path = Components;
			sourceTree = "<group>";
		};
		42EF4FC988F4B2BBF5402B65 = {
			isa = PBXGroup;
			children = (
				96F63FE521B67172FC99BCBE /* Sources */,
				D9045664CA610F95E1430403 /* Tests */,
				55A7FC18C8B3D9AA24315239 /* Frameworks */,
				DA3C886529BDBC4095712204 /* Products */,
			);
			sourceTree = "<group>";
		};
		4BD093A34E34B82D965DD6EC /* DesignSystem */ = {
			isa = PBXGroup;
			children = (
				5860D35E25B45942E35CCA9F /* DiaryPalette.swift */,
				4C5A489003061A6443B9F70F /* DimmedSheet.swift */,
				CFACC5D532628433B4006A89 /* ReadableColumn.swift */,
				1C8BE40BE7D50541B46696C2 /* Spacing.swift */,
				4041AC328A428F032A6DEA32 /* Theme.swift */,
				FE851D8CB18C5F24C5BFBCEF /* ThemeManager.swift */,
				C2C5C69451E04E2AA09B2BAD /* Typography.swift */,
				2FD792B567C21ED089746326 /* Components */,
			);
			path = DesignSystem;
			sourceTree = "<group>";
		};
		4D84C266826F93AEB05BD0EC /* Prompts */ = {
			isa = PBXGroup;
			children = (
				2C88429E537710682CD580EB /* PromptsView.swift */,
			);
			path = Prompts;
			sourceTree = "<group>";
		};
		55A7FC18C8B3D9AA24315239 /* Frameworks */ = {
			isa = PBXGroup;
			children = (
				8102154847CAA9032CD7ED54 /* SpriteKit.framework */,
			);
			name = Frameworks;
			sourceTree = "<group>";
		};
		5F5B744CC13251867202C682 /* Managers */ = {
			isa = PBXGroup;
			children = (
				89FD967772E1150F0F2ABD59 /* AppSettings.swift */,
				636060BD84D5C7955E7590AD /* DataManager.swift */,
				42BCC7C7F5F73AFB2AAA29BE /* DeletionCoordinator.swift */,
				6A5164549A73A8B849D707D7 /* EmotionAnalyzer.swift */,
				23B951EA8982A916BFDFC3DA /* NotificationManager.swift */,
				2196024DED362C7E57040862 /* PrivacyLockManager.swift */,
				795BECD32926790DCDB8E444 /* PurchaseManager.swift */,
				3FF810B4CE5889E474A15307 /* RatingManager.swift */,
				A1B2C3D4E5F60718293A4B5D /* WelcomeEntry.swift */,
				B53C32988DDD959208DB6E24 /* SpeechTranscriber.swift */,
				A2D82951BF0E45C8A15D4E09 /* VoiceRecorder.swift */,
			);
			path = Managers;
			sourceTree = "<group>";
		};
		675FEEB342DF2EC4CAD3033E /* Settings */ = {
			isa = PBXGroup;
			children = (
				1B3B0F7598E652A572FAAE2A /* PaywallView.swift */,
				8B0526507D0402E407D332B7 /* SettingsView.swift */,
			);
			path = Settings;
			sourceTree = "<group>";
		};
		6FF945EB2E1AFBBB8BB984A5 /* List */ = {
			isa = PBXGroup;
			children = (
				371E89CD6EF5398B74987B8E /* DiaryListView.swift */,
				272BCC8892B20AC703C860DA /* EmojiBubbleView.swift */,
			);
			path = List;
			sourceTree = "<group>";
		};
		96F63FE521B67172FC99BCBE /* Sources */ = {
			isa = PBXGroup;
			children = (
				E0107E7EC6F5F12CF827DA8D /* App */,
				4BD093A34E34B82D965DD6EC /* DesignSystem */,
				ECC70D0364E1FC64F3D08DDE /* Features */,
				5F5B744CC13251867202C682 /* Managers */,
				BCD09BA269F239019A8F8C00 /* Models */,
				DAA590935C2C7D78924AA397 /* Resources */,
				9BED9F6879A1B9082FCAD3F3 /* Utilities */,
			);
			path = Sources;
			sourceTree = "<group>";
		};
		9BED9F6879A1B9082FCAD3F3 /* Utilities */ = {
			isa = PBXGroup;
			children = (
				DDC1A19E78D7CFA768B0C098 /* PreviewHelper.swift */,
				728CA476601BEA386DA4213A /* ScreenshotSeeder.swift */,
				D83BC586AEF42A6073ABDAC7 /* Thumbnailer.swift */,
			);
			path = Utilities;
			sourceTree = "<group>";
		};
		B6017A097C1AAAAF6ABAFDF4 /* Cover */ = {
			isa = PBXGroup;
			children = (
				DF5E9FDFD1A8C59494E0506A /* CoverView.swift */,
			);
			path = Cover;
			sourceTree = "<group>";
		};
		BCD09BA269F239019A8F8C00 /* Models */ = {
			isa = PBXGroup;
			children = (
				2692BCF76843EDAEAAEEAA79 /* DiaryEntry.swift */,
				E8E08DF7CB2A3F8349F5D5CC /* DiaryFont.swift */,
			);
			path = Models;
			sourceTree = "<group>";
		};
		CBA52ED6467EC934EAFD89E5 /* Stats */ = {
			isa = PBXGroup;
			children = (
				34D0DA937D925CB5F377DE4E /* InsightsView.swift */,
				818105303A993B6FF12D3D78 /* StatsView.swift */,
			);
			path = Stats;
			sourceTree = "<group>";
		};
		D450F003F9E8AC4C598C45FC /* Fonts */ = {
			isa = PBXGroup;
			children = (
				210E0D7E2CBA71BD3EF21111 /* 小可奶酪体.ttf */,
				36DB3F7DC03FC97CF4E372F5 /* LongCang-Regular.ttf */,
				8EC3A2B6E7742FC39EA2E410 /* Slidexiaxing-Regular.ttf */,
				FD5D117A8D3D25770E0B291E /* YSHaoShenTi.ttf */,
			);
			path = Fonts;
			sourceTree = "<group>";
		};
		D9045664CA610F95E1430403 /* Tests */ = {
			isa = PBXGroup;
			children = (
				0C4342CFC9BC4FA749E94D2A /* ViewSizeTests.swift */,
			);
			path = Tests;
			sourceTree = "<group>";
		};
		DA3C886529BDBC4095712204 /* Products */ = {
			isa = PBXGroup;
			children = (
				30040C9F616FE5225F189FF9 /* VoiceDiary.app */,
				1CA6B754AFDFDAF2C8AF9C01 /* VoiceDiaryTests.xctest */,
			);
			name = Products;
			sourceTree = "<group>";
		};
		DAA590935C2C7D78924AA397 /* Resources */ = {
			isa = PBXGroup;
			children = (
				387F81EB6595240D8830BD28 /* Assets.xcassets */,
				F25A56B7AB6B3D643189D7A2 /* fp3.m4a */,
				A96D95575AC5DB787EDE1A6C /* InfoPlist.xcstrings */,
				AF355B94184388F6244E908D /* Localizable.xcstrings */,
				88B806901A7927C89A96A80C /* PrivacyInfo.xcprivacy */,
				D450F003F9E8AC4C598C45FC /* Fonts */,
			);
			path = Resources;
			sourceTree = "<group>";
		};
		E0107E7EC6F5F12CF827DA8D /* App */ = {
			isa = PBXGroup;
			children = (
				CCBF83F07A3120A007EF7754 /* BookPageView.swift */,
				44BFC6227EFBDBF590EDFC68 /* RootView.swift */,
				79FAE5AC121B6F79103ED2A6 /* VoiceDiaryApp.swift */,
			);
			path = App;
			sourceTree = "<group>";
		};
		ECC70D0364E1FC64F3D08DDE /* Features */ = {
			isa = PBXGroup;
			children = (
				B6017A097C1AAAAF6ABAFDF4 /* Cover */,
				14C3FA1282702A1A8BE3A3D0 /* Detail */,
				0CE8116EF08A255821630854 /* Editor */,
				6FF945EB2E1AFBBB8BB984A5 /* List */,
				FA9653EC7290C6D840576A5D /* Onboarding */,
				4D84C266826F93AEB05BD0EC /* Prompts */,
				675FEEB342DF2EC4CAD3033E /* Settings */,
				CBA52ED6467EC934EAFD89E5 /* Stats */,
			);
			path = Features;
			sourceTree = "<group>";
		};
		FA9653EC7290C6D840576A5D /* Onboarding */ = {
			isa = PBXGroup;
			children = (
				E2C509DE88BD06AE7FADDCFA /* OnboardingView.swift */,
			);
			path = Onboarding;
			sourceTree = "<group>";
		};
/* End PBXGroup section */

/* Begin PBXNativeTarget section */
		42D1F68A1E0CFDBC21EE3EF6 /* VoiceDiaryTests */ = {
			isa = PBXNativeTarget;
			buildConfigurationList = A74E7649EDCC020A2C70B4BB /* Build configuration list for PBXNativeTarget "VoiceDiaryTests" */;
			buildPhases = (
				36FE10DFE466EE14F92645FB /* Sources */,
			);
			buildRules = (
			);
			dependencies = (
				6B3BFC15D609178E9760BAA6 /* PBXTargetDependency */,
			);
			name = VoiceDiaryTests;
			packageProductDependencies = (
			);
			productName = VoiceDiaryTests;
			productReference = 1CA6B754AFDFDAF2C8AF9C01 /* VoiceDiaryTests.xctest */;
			productType = "com.apple.product-type.bundle.unit-test";
		};
		B9F15BDABC47A8060577BF9F /* VoiceDiary */ = {
			isa = PBXNativeTarget;
			buildConfigurationList = 3EA87AECE5B1013152420141 /* Build configuration list for PBXNativeTarget "VoiceDiary" */;
			buildPhases = (
				9C33F875F18F2D6E4E1E1D5B /* Sources */,
				45A5ED0D52DE258523254F95 /* Resources */,
				F44160C2F00A3DEB654DD421 /* Frameworks */,
			);
			buildRules = (
			);
			dependencies = (
			);
			name = VoiceDiary;
			packageProductDependencies = (
			);
			productName = VoiceDiary;
			productReference = 30040C9F616FE5225F189FF9 /* VoiceDiary.app */;
			productType = "com.apple.product-type.application";
		};
/* End PBXNativeTarget section */

/* Begin PBXProject section */
		22863D36D5C5A4F9C2F670EE /* Project object */ = {
			isa = PBXProject;
			attributes = {
				BuildIndependentTargetsInParallel = YES;
				LastUpgradeCheck = 1430;
				TargetAttributes = {
					42D1F68A1E0CFDBC21EE3EF6 = {
						DevelopmentTeam = 8X79G5XCU6;
					};
					B9F15BDABC47A8060577BF9F = {
						DevelopmentTeam = 8X79G5XCU6;
						ProvisioningStyle = Automatic;
					};
				};
			};
			buildConfigurationList = 5145C1F13AA9C9A2C9F730FD /* Build configuration list for PBXProject "VoiceDiary" */;
			developmentRegion = en;
			hasScannedForEncodings = 0;
			knownRegions = (
				Base,
				en,
				"zh-Hans",
			);
			mainGroup = 42EF4FC988F4B2BBF5402B65;
			minimizedProjectReferenceProxies = 1;
			preferredProjectObjectVersion = 77;
			productRefGroup = DA3C886529BDBC4095712204 /* Products */;
			projectDirPath = "";
			projectRoot = "";
			targets = (
				B9F15BDABC47A8060577BF9F /* VoiceDiary */,
				42D1F68A1E0CFDBC21EE3EF6 /* VoiceDiaryTests */,
			);
		};
/* End PBXProject section */

/* Begin PBXResourcesBuildPhase section */
		45A5ED0D52DE258523254F95 /* Resources */ = {
			isa = PBXResourcesBuildPhase;
			buildActionMask = 2147483647;
			files = (
				CE8560DDF30ECAEA72718693 /* Assets.xcassets in Resources */,
				2DFDF43B940A5E9F0A5DAAB7 /* InfoPlist.xcstrings in Resources */,
				CB47DA206EACA30B6064DA15 /* Localizable.xcstrings in Resources */,
				55A8F8138E3E72A7380C55D0 /* LongCang-Regular.ttf in Resources */,
				FBB6726A32CB49CF3D6DEB14 /* PrivacyInfo.xcprivacy in Resources */,
				C08C7D665C5FE5790FB32510 /* Slidexiaxing-Regular.ttf in Resources */,
				94335A0B208DC1CEB1373BA0 /* YSHaoShenTi.ttf in Resources */,
				54C7E7CB1209CAEB8BC9C780 /* fp3.m4a in Resources */,
				6938124632DFEB0B451E6E46 /* 小可奶酪体.ttf in Resources */,
			);
			runOnlyForDeploymentPostprocessing = 0;
		};
/* End PBXResourcesBuildPhase section */

/* Begin PBXSourcesBuildPhase section */
		36FE10DFE466EE14F92645FB /* Sources */ = {
			isa = PBXSourcesBuildPhase;
			buildActionMask = 2147483647;
			files = (
				DBF15E85C11F5C8634DC5AD6 /* ViewSizeTests.swift in Sources */,
			);
			runOnlyForDeploymentPostprocessing = 0;
		};
		9C33F875F18F2D6E4E1E1D5B /* Sources */ = {
			isa = PBXSourcesBuildPhase;
			buildActionMask = 2147483647;
			files = (
				9F84F203ADA80EFA85FEC594 /* AddDiaryView.swift in Sources */,
				7E25B907F77A47E368B4F37C /* AppSettings.swift in Sources */,
				8F758A4DDBAED915D4DB0712 /* BookPageView.swift in Sources */,
				C4A772EFB5708A1A40380D6D /* CoverView.swift in Sources */,
				7AB75BB68EE12C891BE46A75 /* DataManager.swift in Sources */,
				4F2CE3CB5422B74E65645B2F /* DeletionCoordinator.swift in Sources */,
				16B1F2EDC17CD159C88E9B95 /* DiaryDetailView.swift in Sources */,
				777759ED576E09CA64D81F6C /* DiaryEntry.swift in Sources */,
				8EDEF59364E493DD5EFD3764 /* DiaryFont.swift in Sources */,
				F6E7675E4B8497379C029B4B /* DiaryListView.swift in Sources */,
				5EC17C0513A9BB3E60D845BA /* DiaryPalette.swift in Sources */,
				5FECFEF6DEF3E6925C84857E /* DimmedSheet.swift in Sources */,
				3133AC9DA3F376E0ABE4D059 /* DraggableFAB.swift in Sources */,
				B06075D6BD614EAB8BBC08F7 /* SplitEntryCapsule.swift in Sources */,
				55C6C66B8681A3BE3EC1EBA7 /* EmojiBubbleView.swift in Sources */,
				76D00FBCDF7546049B495DD9 /* EmotionAnalyzer.swift in Sources */,
				A40BC54FD3B94727C758E17B /* FlowLayout.swift in Sources */,
				56B968D6297BA307BECC8606 /* FontPickerPanel.swift in Sources */,
				DC6CAA4061DCBE8FF0165AEA /* InsightsView.swift in Sources */,
				95D2BAAA94F1F4A581178C6D /* NotificationManager.swift in Sources */,
				2AF724A608895B352E2D69DD /* OnboardingView.swift in Sources */,
				5E7D19C257A98B8439A62FCB /* PaperLines.swift in Sources */,
				6F0B8FC13E8295A2EDC38D17 /* PaywallView.swift in Sources */,
				CAEF9A0B6F0A95366643FA99 /* PhotoFullScreenView.swift in Sources */,
				B37A9F1707BC9C68E2DBAD30 /* PreviewHelper.swift in Sources */,
				B89743C9E648351793B797AC /* PrivacyLockManager.swift in Sources */,
				47195933FD95E396C935DACA /* PromptsView.swift in Sources */,
				215BA26D7E99600B0B3264C6 /* PurchaseManager.swift in Sources */,
				E1592199726EF8D96C935FBE /* RatingManager.swift in Sources */,
				A1B2C3D4E5F60718293A4B5C /* WelcomeEntry.swift in Sources */,
				3E5B86DA5207F0DC7A6BFD22 /* ReadableColumn.swift in Sources */,
				6D3472382CBC9EF1D986132C /* RecordingView.swift in Sources */,
				7BBC8F20CB6F83BA55531C22 /* RootView.swift in Sources */,
				B51BFA5A5B47098D6D606454 /* ScreenshotSeeder.swift in Sources */,
				3B7384C5EE00D91F08BE6A63 /* SettingsView.swift in Sources */,
				61FAB8E43B52D68A3D725DDD /* Spacing.swift in Sources */,
				B11BA165AF5147E233211181 /* SpeechTranscriber.swift in Sources */,
				BCD3546A0814C41E6C32528C /* StatsView.swift in Sources */,
				105AA767C94FED907F0266AA /* Theme.swift in Sources */,
				8FC779E3A0050B848B54DE49 /* ThemeManager.swift in Sources */,
				0787E58D438D57A47B6DBB7B /* Thumbnailer.swift in Sources */,
				2DBAD8ACF10F2F907BC3A24D /* Typography.swift in Sources */,
				9337A22672680313CE70CFF8 /* VoiceDiaryApp.swift in Sources */,
				DEB749B16BF6E0EB3A6A8969 /* VoiceRecorder.swift in Sources */,
			);
			runOnlyForDeploymentPostprocessing = 0;
		};
/* End PBXSourcesBuildPhase section */

/* Begin PBXTargetDependency section */
		6B3BFC15D609178E9760BAA6 /* PBXTargetDependency */ = {
			isa = PBXTargetDependency;
			target = B9F15BDABC47A8060577BF9F /* VoiceDiary */;
			targetProxy = A1BDE0820FAF42BAEF234E5F /* PBXContainerItemProxy */;
		};
/* End PBXTargetDependency section */

/* Begin XCBuildConfiguration section */
		0F05F1F199B158DC43A14573 /* Debug */ = {
			isa = XCBuildConfiguration;
			buildSettings = {
				ASSETCATALOG_COMPILER_APPICON_NAME = AppIcon;
				CODE_SIGN_ENTITLEMENTS = Support/VoiceDiary.entitlements;
				CODE_SIGN_IDENTITY = "iPhone Developer";
				CODE_SIGN_STYLE = Automatic;
				GENERATE_INFOPLIST_FILE = YES;
				INFOPLIST_KEY_CFBundleDevelopmentRegion = en;
				INFOPLIST_KEY_CFBundleDisplayName = VoicePaper;
				INFOPLIST_KEY_NSFaceIDUsageDescription = "Uses Face ID or a passcode to keep your diary private, verifying you each time the app opens.";
				INFOPLIST_KEY_NSLocationWhenInUseUsageDescription = "Records where a diary entry was written. Used once while writing — never tracked continuously.";
				INFOPLIST_KEY_NSMicrophoneUsageDescription = "Recording a voice diary needs the microphone. Audio stays on your device and your own iCloud — never uploaded to us or any third party.";
				INFOPLIST_KEY_NSSpeechRecognitionUsageDescription = "Used to transcribe your voice into text. Recognition runs entirely on your device and is never uploaded.";
				INFOPLIST_KEY_UILaunchScreen_Generation = YES;
				INFOPLIST_KEY_UIRequiresFullScreen = YES;
				INFOPLIST_KEY_UISupportedInterfaceOrientations = UIInterfaceOrientationPortrait;
				LD_RUNPATH_SEARCH_PATHS = (
					"$(inherited)",
					"@executable_path/Frameworks",
				);
				PRODUCT_BUNDLE_IDENTIFIER = com.chunqingliao.VoiceDiary;
				PRODUCT_NAME = VoiceDiary;
				SDKROOT = iphoneos;
				SUPPORTED_PLATFORMS = "iphoneos iphonesimulator";
				SUPPORTS_MACCATALYST = NO;
				SUPPORTS_MAC_DESIGNED_FOR_IPHONE_IPAD = NO;
				SUPPORTS_XR_DESIGNED_FOR_IPHONE_IPAD = NO;
				TARGETED_DEVICE_FAMILY = "1,2";
			};
			name = Debug;
		};
		1C57C2237D732FAB6027B517 /* Release */ = {
			isa = XCBuildConfiguration;
			buildSettings = {
				ALWAYS_SEARCH_USER_PATHS = NO;
				CLANG_ANALYZER_NONNULL = YES;
				CLANG_ANALYZER_NUMBER_OBJECT_CONVERSION = YES_AGGRESSIVE;
				CLANG_CXX_LANGUAGE_STANDARD = "gnu++14";
				CLANG_CXX_LIBRARY = "libc++";
				CLANG_ENABLE_MODULES = YES;
				CLANG_ENABLE_OBJC_ARC = YES;
				CLANG_ENABLE_OBJC_WEAK = YES;
				CLANG_WARN_BLOCK_CAPTURE_AUTORELEASING = YES;
				CLANG_WARN_BOOL_CONVERSION = YES;
				CLANG_WARN_COMMA = YES;
				CLANG_WARN_CONSTANT_CONVERSION = YES;
				CLANG_WARN_DEPRECATED_OBJC_IMPLEMENTATIONS = YES;
				CLANG_WARN_DIRECT_OBJC_ISA_USAGE = YES_ERROR;
				CLANG_WARN_DOCUMENTATION_COMMENTS = YES;
				CLANG_WARN_EMPTY_BODY = YES;
				CLANG_WARN_ENUM_CONVERSION = YES;
				CLANG_WARN_INFINITE_RECURSION = YES;
				CLANG_WARN_INT_CONVERSION = YES;
				CLANG_WARN_NON_LITERAL_NULL_CONVERSION = YES;
				CLANG_WARN_OBJC_IMPLICIT_RETAIN_SELF = YES;
				CLANG_WARN_OBJC_LITERAL_CONVERSION = YES;
				CLANG_WARN_OBJC_ROOT_CLASS = YES_ERROR;
				CLANG_WARN_QUOTED_INCLUDE_IN_FRAMEWORK_HEADER = YES;
				CLANG_WARN_RANGE_LOOP_ANALYSIS = YES;
				CLANG_WARN_STRICT_PROTOTYPES = YES;
				CLANG_WARN_SUSPICIOUS_MOVE = YES;
				CLANG_WARN_UNGUARDED_AVAILABILITY = YES_AGGRESSIVE;
				CLANG_WARN_UNREACHABLE_CODE = YES;
				CLANG_WARN__DUPLICATE_METHOD_MATCH = YES;
				COPY_PHASE_STRIP = NO;
				CURRENT_PROJECT_VERSION = 1;
				DEBUG_INFORMATION_FORMAT = "dwarf-with-dsym";
				DEVELOPMENT_TEAM = 8X79G5XCU6;
				ENABLE_NS_ASSERTIONS = NO;
				ENABLE_STRICT_OBJC_MSGSEND = YES;
				GCC_C_LANGUAGE_STANDARD = gnu11;
				GCC_NO_COMMON_BLOCKS = YES;
				GCC_WARN_64_TO_32_BIT_CONVERSION = YES;
				GCC_WARN_ABOUT_RETURN_TYPE = YES_ERROR;
				GCC_WARN_UNDECLARED_SELECTOR = YES;
				GCC_WARN_UNINITIALIZED_AUTOS = YES_AGGRESSIVE;
				GCC_WARN_UNUSED_FUNCTION = YES;
				GCC_WARN_UNUSED_VARIABLE = YES;
				IPHONEOS_DEPLOYMENT_TARGET = 17.5;
				MARKETING_VERSION = 1.2.0;
				MTL_ENABLE_DEBUG_INFO = NO;
				MTL_FAST_MATH = YES;
				PRODUCT_NAME = "$(TARGET_NAME)";
				SDKROOT = iphoneos;
				SWIFT_COMPILATION_MODE = wholemodule;
				SWIFT_OPTIMIZATION_LEVEL = "-O";
				SWIFT_STRICT_CONCURRENCY = complete;
				SWIFT_VERSION = 6.0;
			};
			name = Release;
		};
		4FE85EF4ED605BF375B04302 /* Release */ = {
			isa = XCBuildConfiguration;
			buildSettings = {
				ASSETCATALOG_COMPILER_APPICON_NAME = AppIcon;
				CODE_SIGN_ENTITLEMENTS = Support/VoiceDiary.entitlements;
				CODE_SIGN_IDENTITY = "iPhone Developer";
				CODE_SIGN_STYLE = Automatic;
				GENERATE_INFOPLIST_FILE = YES;
				INFOPLIST_KEY_CFBundleDevelopmentRegion = en;
				INFOPLIST_KEY_CFBundleDisplayName = VoicePaper;
				INFOPLIST_KEY_NSFaceIDUsageDescription = "Uses Face ID or a passcode to keep your diary private, verifying you each time the app opens.";
				INFOPLIST_KEY_NSLocationWhenInUseUsageDescription = "Records where a diary entry was written. Used once while writing — never tracked continuously.";
				INFOPLIST_KEY_NSMicrophoneUsageDescription = "Recording a voice diary needs the microphone. Audio stays on your device and your own iCloud — never uploaded to us or any third party.";
				INFOPLIST_KEY_NSSpeechRecognitionUsageDescription = "Used to transcribe your voice into text. Recognition runs entirely on your device and is never uploaded.";
				INFOPLIST_KEY_UILaunchScreen_Generation = YES;
				INFOPLIST_KEY_UIRequiresFullScreen = YES;
				INFOPLIST_KEY_UISupportedInterfaceOrientations = UIInterfaceOrientationPortrait;
				LD_RUNPATH_SEARCH_PATHS = (
					"$(inherited)",
					"@executable_path/Frameworks",
				);
				PRODUCT_BUNDLE_IDENTIFIER = com.chunqingliao.VoiceDiary;
				PRODUCT_NAME = VoiceDiary;
				SDKROOT = iphoneos;
				SUPPORTED_PLATFORMS = "iphoneos iphonesimulator";
				SUPPORTS_MACCATALYST = NO;
				SUPPORTS_MAC_DESIGNED_FOR_IPHONE_IPAD = NO;
				SUPPORTS_XR_DESIGNED_FOR_IPHONE_IPAD = NO;
				TARGETED_DEVICE_FAMILY = "1,2";
			};
			name = Release;
		};
		D369A6D620AB094BADFEFEB0 /* Debug */ = {
			isa = XCBuildConfiguration;
			buildSettings = {
				BUNDLE_LOADER = "$(TEST_HOST)";
				GENERATE_INFOPLIST_FILE = YES;
				LD_RUNPATH_SEARCH_PATHS = (
					"$(inherited)",
					"@executable_path/Frameworks",
					"@loader_path/Frameworks",
				);
				PRODUCT_BUNDLE_IDENTIFIER = com.chunqingliao.VoiceDiaryTests;
				PRODUCT_NAME = VoiceDiaryTests;
				SDKROOT = iphoneos;
				TARGETED_DEVICE_FAMILY = "1,2";
				TEST_HOST = "$(BUILT_PRODUCTS_DIR)/VoiceDiary.app/VoiceDiary";
			};
			name = Debug;
		};
		FD097F9D49C3B4DF82D885D0 /* Release */ = {
			isa = XCBuildConfiguration;
			buildSettings = {
				BUNDLE_LOADER = "$(TEST_HOST)";
				GENERATE_INFOPLIST_FILE = YES;
				LD_RUNPATH_SEARCH_PATHS = (
					"$(inherited)",
					"@executable_path/Frameworks",
					"@loader_path/Frameworks",
				);
				PRODUCT_BUNDLE_IDENTIFIER = com.chunqingliao.VoiceDiaryTests;
				PRODUCT_NAME = VoiceDiaryTests;
				SDKROOT = iphoneos;
				TARGETED_DEVICE_FAMILY = "1,2";
				TEST_HOST = "$(BUILT_PRODUCTS_DIR)/VoiceDiary.app/VoiceDiary";
			};
			name = Release;
		};
		FFEE92F048D8B25AC2A43339 /* Debug */ = {
			isa = XCBuildConfiguration;
			buildSettings = {
				ALWAYS_SEARCH_USER_PATHS = NO;
				CLANG_ANALYZER_NONNULL = YES;
				CLANG_ANALYZER_NUMBER_OBJECT_CONVERSION = YES_AGGRESSIVE;
				CLANG_CXX_LANGUAGE_STANDARD = "gnu++14";
				CLANG_CXX_LIBRARY = "libc++";
				CLANG_ENABLE_MODULES = YES;
				CLANG_ENABLE_OBJC_ARC = YES;
				CLANG_ENABLE_OBJC_WEAK = YES;
				CLANG_WARN_BLOCK_CAPTURE_AUTORELEASING = YES;
				CLANG_WARN_BOOL_CONVERSION = YES;
				CLANG_WARN_COMMA = YES;
				CLANG_WARN_CONSTANT_CONVERSION = YES;
				CLANG_WARN_DEPRECATED_OBJC_IMPLEMENTATIONS = YES;
				CLANG_WARN_DIRECT_OBJC_ISA_USAGE = YES_ERROR;
				CLANG_WARN_DOCUMENTATION_COMMENTS = YES;
				CLANG_WARN_EMPTY_BODY = YES;
				CLANG_WARN_ENUM_CONVERSION = YES;
				CLANG_WARN_INFINITE_RECURSION = YES;
				CLANG_WARN_INT_CONVERSION = YES;
				CLANG_WARN_NON_LITERAL_NULL_CONVERSION = YES;
				CLANG_WARN_OBJC_IMPLICIT_RETAIN_SELF = YES;
				CLANG_WARN_OBJC_LITERAL_CONVERSION = YES;
				CLANG_WARN_OBJC_ROOT_CLASS = YES_ERROR;
				CLANG_WARN_QUOTED_INCLUDE_IN_FRAMEWORK_HEADER = YES;
				CLANG_WARN_RANGE_LOOP_ANALYSIS = YES;
				CLANG_WARN_STRICT_PROTOTYPES = YES;
				CLANG_WARN_SUSPICIOUS_MOVE = YES;
				CLANG_WARN_UNGUARDED_AVAILABILITY = YES_AGGRESSIVE;
				CLANG_WARN_UNREACHABLE_CODE = YES;
				CLANG_WARN__DUPLICATE_METHOD_MATCH = YES;
				COPY_PHASE_STRIP = NO;
				CURRENT_PROJECT_VERSION = 1;
				DEBUG_INFORMATION_FORMAT = dwarf;
				DEVELOPMENT_TEAM = 8X79G5XCU6;
				ENABLE_STRICT_OBJC_MSGSEND = YES;
				ENABLE_TESTABILITY = YES;
				GCC_C_LANGUAGE_STANDARD = gnu11;
				GCC_DYNAMIC_NO_PIC = NO;
				GCC_NO_COMMON_BLOCKS = YES;
				GCC_OPTIMIZATION_LEVEL = 0;
				GCC_PREPROCESSOR_DEFINITIONS = (
					"$(inherited)",
					"DEBUG=1",
				);
				GCC_WARN_64_TO_32_BIT_CONVERSION = YES;
				GCC_WARN_ABOUT_RETURN_TYPE = YES_ERROR;
				GCC_WARN_UNDECLARED_SELECTOR = YES;
				GCC_WARN_UNINITIALIZED_AUTOS = YES_AGGRESSIVE;
				GCC_WARN_UNUSED_FUNCTION = YES;
				GCC_WARN_UNUSED_VARIABLE = YES;
				IPHONEOS_DEPLOYMENT_TARGET = 17.5;
				MARKETING_VERSION = 1.2.0;
				MTL_ENABLE_DEBUG_INFO = INCLUDE_SOURCE;
				MTL_FAST_MATH = YES;
				ONLY_ACTIVE_ARCH = YES;
				PRODUCT_NAME = "$(TARGET_NAME)";
				SDKROOT = iphoneos;
				SWIFT_ACTIVE_COMPILATION_CONDITIONS = DEBUG;
				SWIFT_OPTIMIZATION_LEVEL = "-Onone";
				SWIFT_STRICT_CONCURRENCY = complete;
				SWIFT_VERSION = 6.0;
			};
			name = Debug;
		};
/* End XCBuildConfiguration section */

/* Begin XCConfigurationList section */
		3EA87AECE5B1013152420141 /* Build configuration list for PBXNativeTarget "VoiceDiary" */ = {
			isa = XCConfigurationList;
			buildConfigurations = (
				0F05F1F199B158DC43A14573 /* Debug */,
				4FE85EF4ED605BF375B04302 /* Release */,
			);
			defaultConfigurationIsVisible = 0;
			defaultConfigurationName = Debug;
		};
		5145C1F13AA9C9A2C9F730FD /* Build configuration list for PBXProject "VoiceDiary" */ = {
			isa = XCConfigurationList;
			buildConfigurations = (
				FFEE92F048D8B25AC2A43339 /* Debug */,
				1C57C2237D732FAB6027B517 /* Release */,
			);
			defaultConfigurationIsVisible = 0;
			defaultConfigurationName = Debug;
		};
		A74E7649EDCC020A2C70B4BB /* Build configuration list for PBXNativeTarget "VoiceDiaryTests" */ = {
			isa = XCConfigurationList;
			buildConfigurations = (
				D369A6D620AB094BADFEFEB0 /* Debug */,
				FD097F9D49C3B4DF82D885D0 /* Release */,
			);
			defaultConfigurationIsVisible = 0;
			defaultConfigurationName = Debug;
		};
/* End XCConfigurationList section */
	};
	rootObject = 22863D36D5C5A4F9C2F670EE /* Project object */;
}
