// !$*UTF8*$!
{
	archiveVersion = 1;
	classes = {
	};
	objectVersion = 77;
	objects = {

/* Begin PBXBuildFile section */
		105AA767C94FED907F0266AA /* Theme.swift in Sources */ = {isa = PBXBuildFile; fileRef = 4041AC328A428F032A6DEA32 /* Theme.swift */; };
		2DBAD8ACF10F2F907BC3A24D /* Typography.swift in Sources */ = {isa = PBXBuildFile; fileRef = C2C5C69451E04E2AA09B2BAD /* Typography.swift */; };
		3047DE9F956431B56C4C9146 /* Localizable.strings in Resources */ = {isa = PBXBuildFile; fileRef = 3CC55F758ED02B829C8F4853 /* Localizable.strings */; };
		5E7D19C257A98B8439A62FCB /* PaperLines.swift in Sources */ = {isa = PBXBuildFile; fileRef = 7B8ED5C18C84778C1F1E0FDE /* PaperLines.swift */; };
		61FAB8E43B52D68A3D725DDD /* Spacing.swift in Sources */ = {isa = PBXBuildFile; fileRef = 1C8BE40BE7D50541B46696C2 /* Spacing.swift */; };
		777759ED576E09CA64D81F6C /* DiaryEntry.swift in Sources */ = {isa = PBXBuildFile; fileRef = 2692BCF76843EDAEAAEEAA79 /* DiaryEntry.swift */; };
		7AB75BB68EE12C891BE46A75 /* DataManager.swift in Sources */ = {isa = PBXBuildFile; fileRef = 636060BD84D5C7955E7590AD /* DataManager.swift */; };
		7BBC8F20CB6F83BA55531C22 /* RootView.swift in Sources */ = {isa = PBXBuildFile; fileRef = 44BFC6227EFBDBF590EDFC68 /* RootView.swift */; };
		9337A22672680313CE70CFF8 /* VoiceDiaryApp.swift in Sources */ = {isa = PBXBuildFile; fileRef = 79FAE5AC121B6F79103ED2A6 /* VoiceDiaryApp.swift */; };
		C4A772EFB5708A1A40380D6D /* CoverView.swift in Sources */ = {isa = PBXBuildFile; fileRef = DF5E9FDFD1A8C59494E0506A /* CoverView.swift */; };
		CE8560DDF30ECAEA72718693 /* Assets.xcassets in Resources */ = {isa = PBXBuildFile; fileRef = 387F81EB6595240D8830BD28 /* Assets.xcassets */; };
		F6E7675E4B8497379C029B4B /* DiaryListView.swift in Sources */ = {isa = PBXBuildFile; fileRef = 371E89CD6EF5398B74987B8E /* DiaryListView.swift */; };
/* End PBXBuildFile section */

/* Begin PBXFileReference section */
		1C8BE40BE7D50541B46696C2 /* Spacing.swift */ = {isa = PBXFileReference; lastKnownFileType = sourcecode.swift; path = Spacing.swift; sourceTree = "<group>"; };
		2692BCF76843EDAEAAEEAA79 /* DiaryEntry.swift */ = {isa = PBXFileReference; lastKnownFileType = sourcecode.swift; path = DiaryEntry.swift; sourceTree = "<group>"; };
		30040C9F616FE5225F189FF9 /* VoiceDiary.app */ = {isa = PBXFileReference; includeInIndex = 0; lastKnownFileType = wrapper.application; path = VoiceDiary.app; sourceTree = BUILT_PRODUCTS_DIR; };
		371E89CD6EF5398B74987B8E /* DiaryListView.swift */ = {isa = PBXFileReference; lastKnownFileType = sourcecode.swift; path = DiaryListView.swift; sourceTree = "<group>"; };
		387F81EB6595240D8830BD28 /* Assets.xcassets */ = {isa = PBXFileReference; lastKnownFileType = folder.assetcatalog; path = Assets.xcassets; sourceTree = "<group>"; };
		4041AC328A428F032A6DEA32 /* Theme.swift */ = {isa = PBXFileReference; lastKnownFileType = sourcecode.swift; path = Theme.swift; sourceTree = "<group>"; };
		44BFC6227EFBDBF590EDFC68 /* RootView.swift */ = {isa = PBXFileReference; lastKnownFileType = sourcecode.swift; path = RootView.swift; sourceTree = "<group>"; };
		557D979F77063A5A68B37502 /* en */ = {isa = PBXFileReference; lastKnownFileType = text.plist.strings; name = en; path = en.lproj/Localizable.strings; sourceTree = "<group>"; };
		636060BD84D5C7955E7590AD /* DataManager.swift */ = {isa = PBXFileReference; lastKnownFileType = sourcecode.swift; path = DataManager.swift; sourceTree = "<group>"; };
		79FAE5AC121B6F79103ED2A6 /* VoiceDiaryApp.swift */ = {isa = PBXFileReference; lastKnownFileType = sourcecode.swift; path = VoiceDiaryApp.swift; sourceTree = "<group>"; };
		7B8ED5C18C84778C1F1E0FDE /* PaperLines.swift */ = {isa = PBXFileReference; lastKnownFileType = sourcecode.swift; path = PaperLines.swift; sourceTree = "<group>"; };
		C2C5C69451E04E2AA09B2BAD /* Typography.swift */ = {isa = PBXFileReference; lastKnownFileType = sourcecode.swift; path = Typography.swift; sourceTree = "<group>"; };
		CEBDAF46C884805F53BB9EAD /* zh-Hans */ = {isa = PBXFileReference; lastKnownFileType = text.plist.strings; name = "zh-Hans"; path = "zh-Hans.lproj/Localizable.strings"; sourceTree = "<group>"; };
		DF5E9FDFD1A8C59494E0506A /* CoverView.swift */ = {isa = PBXFileReference; lastKnownFileType = sourcecode.swift; path = CoverView.swift; sourceTree = "<group>"; };
/* End PBXFileReference section */

/* Begin PBXGroup section */
		2FD792B567C21ED089746326 /* Components */ = {
			isa = PBXGroup;
			children = (
				7B8ED5C18C84778C1F1E0FDE /* PaperLines.swift */,
			);
			path = Components;
			sourceTree = "<group>";
		};
		42EF4FC988F4B2BBF5402B65 = {
			isa = PBXGroup;
			children = (
				96F63FE521B67172FC99BCBE /* Sources */,
				DA3C886529BDBC4095712204 /* Products */,
			);
			sourceTree = "<group>";
		};
		4BD093A34E34B82D965DD6EC /* DesignSystem */ = {
			isa = PBXGroup;
			children = (
				1C8BE40BE7D50541B46696C2 /* Spacing.swift */,
				4041AC328A428F032A6DEA32 /* Theme.swift */,
				C2C5C69451E04E2AA09B2BAD /* Typography.swift */,
				2FD792B567C21ED089746326 /* Components */,
			);
			path = DesignSystem;
			sourceTree = "<group>";
		};
		5F5B744CC13251867202C682 /* Managers */ = {
			isa = PBXGroup;
			children = (
				636060BD84D5C7955E7590AD /* DataManager.swift */,
			);
			path = Managers;
			sourceTree = "<group>";
		};
		6FF945EB2E1AFBBB8BB984A5 /* List */ = {
			isa = PBXGroup;
			children = (
				371E89CD6EF5398B74987B8E /* DiaryListView.swift */,
			);
			path = List;
			sourceTree = "<group>";
		};
		96F63FE521B67172FC99BCBE /* Sources */ = {
			isa = PBXGroup;
			children = (
				E0107E7EC6F5F12CF827DA8D /* App */,
				4BD093A34E34B82D965DD6EC /* DesignSystem */,
				ECC70D0364E1FC64F3D08DDE /* Features */,
				5F5B744CC13251867202C682 /* Managers */,
				BCD09BA269F239019A8F8C00 /* Models */,
				DAA590935C2C7D78924AA397 /* Resources */,
			);
			path = Sources;
			sourceTree = "<group>";
		};
		B6017A097C1AAAAF6ABAFDF4 /* Cover */ = {
			isa = PBXGroup;
			children = (
				DF5E9FDFD1A8C59494E0506A /* CoverView.swift */,
			);
			path = Cover;
			sourceTree = "<group>";
		};
		BCD09BA269F239019A8F8C00 /* Models */ = {
			isa = PBXGroup;
			children = (
				2692BCF76843EDAEAAEEAA79 /* DiaryEntry.swift */,
			);
			path = Models;
			sourceTree = "<group>";
		};
		DA3C886529BDBC4095712204 /* Products */ = {
			isa = PBXGroup;
			children = (
				30040C9F616FE5225F189FF9 /* VoiceDiary.app */,
			);
			name = Products;
			sourceTree = "<group>";
		};
		DAA590935C2C7D78924AA397 /* Resources */ = {
			isa = PBXGroup;
			children = (
				387F81EB6595240D8830BD28 /* Assets.xcassets */,
				3CC55F758ED02B829C8F4853 /* Localizable.strings */,
			);
			path = Resources;
			sourceTree = "<group>";
		};
		E0107E7EC6F5F12CF827DA8D /* App */ = {
			isa = PBXGroup;
			children = (
				44BFC6227EFBDBF590EDFC68 /* RootView.swift */,
				79FAE5AC121B6F79103ED2A6 /* VoiceDiaryApp.swift */,
			);
			path = App;
			sourceTree = "<group>";
		};
		ECC70D0364E1FC64F3D08DDE /* Features */ = {
			isa = PBXGroup;
			children = (
				B6017A097C1AAAAF6ABAFDF4 /* Cover */,
				6FF945EB2E1AFBBB8BB984A5 /* List */,
			);
			path = Features;
			sourceTree = "<group>";
		};
/* End PBXGroup section */

/* Begin PBXNativeTarget section */
		B9F15BDABC47A8060577BF9F /* VoiceDiary */ = {
			isa = PBXNativeTarget;
			buildConfigurationList = 3EA87AECE5B1013152420141 /* Build configuration list for PBXNativeTarget "VoiceDiary" */;
			buildPhases = (
				9C33F875F18F2D6E4E1E1D5B /* Sources */,
				45A5ED0D52DE258523254F95 /* Resources */,
			);
			buildRules = (
			);
			dependencies = (
			);
			name = VoiceDiary;
			packageProductDependencies = (
			);
			productName = VoiceDiary;
			productReference = 30040C9F616FE5225F189FF9 /* VoiceDiary.app */;
			productType = "com.apple.product-type.application";
		};
/* End PBXNativeTarget section */

/* Begin PBXProject section */
		22863D36D5C5A4F9C2F670EE /* Project object */ = {
			isa = PBXProject;
			attributes = {
				BuildIndependentTargetsInParallel = YES;
				LastUpgradeCheck = 1430;
				TargetAttributes = {
					B9F15BDABC47A8060577BF9F = {
						DevelopmentTeam = 8X79G5XCU6;
						ProvisioningStyle = Automatic;
					};
				};
			};
			buildConfigurationList = 5145C1F13AA9C9A2C9F730FD /* Build configuration list for PBXProject "VoiceDiary" */;
			developmentRegion = en;
			hasScannedForEncodings = 0;
			knownRegions = (
				Base,
				en,
				"zh-Hans",
			);
			mainGroup = 42EF4FC988F4B2BBF5402B65;
			minimizedProjectReferenceProxies = 1;
			preferredProjectObjectVersion = 77;
			productRefGroup = DA3C886529BDBC4095712204 /* Products */;
			projectDirPath = "";
			projectRoot = "";
			targets = (
				B9F15BDABC47A8060577BF9F /* VoiceDiary */,
			);
		};
/* End PBXProject section */

/* Begin PBXResourcesBuildPhase section */
		45A5ED0D52DE258523254F95 /* Resources */ = {
			isa = PBXResourcesBuildPhase;
			buildActionMask = 2147483647;
			files = (
				CE8560DDF30ECAEA72718693 /* Assets.xcassets in Resources */,
				3047DE9F956431B56C4C9146 /* Localizable.strings in Resources */,
			);
			runOnlyForDeploymentPostprocessing = 0;
		};
/* End PBXResourcesBuildPhase section */

/* Begin PBXSourcesBuildPhase section */
		9C33F875F18F2D6E4E1E1D5B /* Sources */ = {
			isa = PBXSourcesBuildPhase;
			buildActionMask = 2147483647;
			files = (
				C4A772EFB5708A1A40380D6D /* CoverView.swift in Sources */,
				7AB75BB68EE12C891BE46A75 /* DataManager.swift in Sources */,
				777759ED576E09CA64D81F6C /* DiaryEntry.swift in Sources */,
				F6E7675E4B8497379C029B4B /* DiaryListView.swift in Sources */,
				5E7D19C257A98B8439A62FCB /* PaperLines.swift in Sources */,
				7BBC8F20CB6F83BA55531C22 /* RootView.swift in Sources */,
				61FAB8E43B52D68A3D725DDD /* Spacing.swift in Sources */,
				105AA767C94FED907F0266AA /* Theme.swift in Sources */,
				2DBAD8ACF10F2F907BC3A24D /* Typography.swift in Sources */,
				9337A22672680313CE70CFF8 /* VoiceDiaryApp.swift in Sources */,
			);
			runOnlyForDeploymentPostprocessing = 0;
		};
/* End PBXSourcesBuildPhase section */

/* Begin PBXVariantGroup section */
		3CC55F758ED02B829C8F4853 /* Localizable.strings */ = {
			isa = PBXVariantGroup;
			children = (
				557D979F77063A5A68B37502 /* en */,
				CEBDAF46C884805F53BB9EAD /* zh-Hans */,
			);
			name = Localizable.strings;
			sourceTree = "<group>";
		};
/* End PBXVariantGroup section */

/* Begin XCBuildConfiguration section */
		0F05F1F199B158DC43A14573 /* Debug */ = {
			isa = XCBuildConfiguration;
			buildSettings = {
				ASSETCATALOG_COMPILER_APPICON_NAME = AppIcon;
				CODE_SIGN_ENTITLEMENTS = Support/VoiceDiary.entitlements;
				CODE_SIGN_IDENTITY = "iPhone Developer";
				CODE_SIGN_STYLE = Automatic;
				GENERATE_INFOPLIST_FILE = YES;
				INFOPLIST_KEY_CFBundleDevelopmentRegion = "zh-Hans";
				INFOPLIST_KEY_CFBundleDisplayName = "翻页日记";
				INFOPLIST_KEY_NSMicrophoneUsageDescription = "录制语音日记需要使用麦克风。录音只保存在你的设备和你自己的 iCloud，不会上传给我们或第三方。";
				INFOPLIST_KEY_NSSpeechRecognitionUsageDescription = "把语音转写成文字日记，识别全部在本机完成，不会上传。";
				INFOPLIST_KEY_UILaunchScreen_Generation = YES;
				INFOPLIST_KEY_UISupportedInterfaceOrientations = UIInterfaceOrientationPortrait;
				LD_RUNPATH_SEARCH_PATHS = (
					"$(inherited)",
					"@executable_path/Frameworks",
				);
				PRODUCT_BUNDLE_IDENTIFIER = com.chunqingliao.VoiceDiary;
				PRODUCT_NAME = VoiceDiary;
				SDKROOT = iphoneos;
				TARGETED_DEVICE_FAMILY = 1;
			};
			name = Debug;
		};
		1C57C2237D732FAB6027B517 /* Release */ = {
			isa = XCBuildConfiguration;
			buildSettings = {
				ALWAYS_SEARCH_USER_PATHS = NO;
				CLANG_ANALYZER_NONNULL = YES;
				CLANG_ANALYZER_NUMBER_OBJECT_CONVERSION = YES_AGGRESSIVE;
				CLANG_CXX_LANGUAGE_STANDARD = "gnu++14";
				CLANG_CXX_LIBRARY = "libc++";
				CLANG_ENABLE_MODULES = YES;
				CLANG_ENABLE_OBJC_ARC = YES;
				CLANG_ENABLE_OBJC_WEAK = YES;
				CLANG_WARN_BLOCK_CAPTURE_AUTORELEASING = YES;
				CLANG_WARN_BOOL_CONVERSION = YES;
				CLANG_WARN_COMMA = YES;
				CLANG_WARN_CONSTANT_CONVERSION = YES;
				CLANG_WARN_DEPRECATED_OBJC_IMPLEMENTATIONS = YES;
				CLANG_WARN_DIRECT_OBJC_ISA_USAGE = YES_ERROR;
				CLANG_WARN_DOCUMENTATION_COMMENTS = YES;
				CLANG_WARN_EMPTY_BODY = YES;
				CLANG_WARN_ENUM_CONVERSION = YES;
				CLANG_WARN_INFINITE_RECURSION = YES;
				CLANG_WARN_INT_CONVERSION = YES;
				CLANG_WARN_NON_LITERAL_NULL_CONVERSION = YES;
				CLANG_WARN_OBJC_IMPLICIT_RETAIN_SELF = YES;
				CLANG_WARN_OBJC_LITERAL_CONVERSION = YES;
				CLANG_WARN_OBJC_ROOT_CLASS = YES_ERROR;
				CLANG_WARN_QUOTED_INCLUDE_IN_FRAMEWORK_HEADER = YES;
				CLANG_WARN_RANGE_LOOP_ANALYSIS = YES;
				CLANG_WARN_STRICT_PROTOTYPES = YES;
				CLANG_WARN_SUSPICIOUS_MOVE = YES;
				CLANG_WARN_UNGUARDED_AVAILABILITY = YES_AGGRESSIVE;
				CLANG_WARN_UNREACHABLE_CODE = YES;
				CLANG_WARN__DUPLICATE_METHOD_MATCH = YES;
				COPY_PHASE_STRIP = NO;
				CURRENT_PROJECT_VERSION = 1;
				DEBUG_INFORMATION_FORMAT = "dwarf-with-dsym";
				DEVELOPMENT_TEAM = 8X79G5XCU6;
				ENABLE_NS_ASSERTIONS = NO;
				ENABLE_STRICT_OBJC_MSGSEND = YES;
				GCC_C_LANGUAGE_STANDARD = gnu11;
				GCC_NO_COMMON_BLOCKS = YES;
				GCC_WARN_64_TO_32_BIT_CONVERSION = YES;
				GCC_WARN_ABOUT_RETURN_TYPE = YES_ERROR;
				GCC_WARN_UNDECLARED_SELECTOR = YES;
				GCC_WARN_UNINITIALIZED_AUTOS = YES_AGGRESSIVE;
				GCC_WARN_UNUSED_FUNCTION = YES;
				GCC_WARN_UNUSED_VARIABLE = YES;
				IPHONEOS_DEPLOYMENT_TARGET = 17.5;
				MARKETING_VERSION = 1.2.0;
				MTL_ENABLE_DEBUG_INFO = NO;
				MTL_FAST_MATH = YES;
				PRODUCT_NAME = "$(TARGET_NAME)";
				SDKROOT = iphoneos;
				SWIFT_COMPILATION_MODE = wholemodule;
				SWIFT_OPTIMIZATION_LEVEL = "-O";
				SWIFT_VERSION = 5.0;
			};
			name = Release;
		};
		4FE85EF4ED605BF375B04302 /* Release */ = {
			isa = XCBuildConfiguration;
			buildSettings = {
				ASSETCATALOG_COMPILER_APPICON_NAME = AppIcon;
				CODE_SIGN_ENTITLEMENTS = Support/VoiceDiary.entitlements;
				CODE_SIGN_IDENTITY = "iPhone Developer";
				CODE_SIGN_STYLE = Automatic;
				GENERATE_INFOPLIST_FILE = YES;
				INFOPLIST_KEY_CFBundleDevelopmentRegion = "zh-Hans";
				INFOPLIST_KEY_CFBundleDisplayName = "翻页日记";
				INFOPLIST_KEY_NSMicrophoneUsageDescription = "录制语音日记需要使用麦克风。录音只保存在你的设备和你自己的 iCloud，不会上传给我们或第三方。";
				INFOPLIST_KEY_NSSpeechRecognitionUsageDescription = "把语音转写成文字日记，识别全部在本机完成，不会上传。";
				INFOPLIST_KEY_UILaunchScreen_Generation = YES;
				INFOPLIST_KEY_UISupportedInterfaceOrientations = UIInterfaceOrientationPortrait;
				LD_RUNPATH_SEARCH_PATHS = (
					"$(inherited)",
					"@executable_path/Frameworks",
				);
				PRODUCT_BUNDLE_IDENTIFIER = com.chunqingliao.VoiceDiary;
				PRODUCT_NAME = VoiceDiary;
				SDKROOT = iphoneos;
				TARGETED_DEVICE_FAMILY = 1;
			};
			name = Release;
		};
		FFEE92F048D8B25AC2A43339 /* Debug */ = {
			isa = XCBuildConfiguration;
			buildSettings = {
				ALWAYS_SEARCH_USER_PATHS = NO;
				CLANG_ANALYZER_NONNULL = YES;
				CLANG_ANALYZER_NUMBER_OBJECT_CONVERSION = YES_AGGRESSIVE;
				CLANG_CXX_LANGUAGE_STANDARD = "gnu++14";
				CLANG_CXX_LIBRARY = "libc++";
				CLANG_ENABLE_MODULES = YES;
				CLANG_ENABLE_OBJC_ARC = YES;
				CLANG_ENABLE_OBJC_WEAK = YES;
				CLANG_WARN_BLOCK_CAPTURE_AUTORELEASING = YES;
				CLANG_WARN_BOOL_CONVERSION = YES;
				CLANG_WARN_COMMA = YES;
				CLANG_WARN_CONSTANT_CONVERSION = YES;
				CLANG_WARN_DEPRECATED_OBJC_IMPLEMENTATIONS = YES;
				CLANG_WARN_DIRECT_OBJC_ISA_USAGE = YES_ERROR;
				CLANG_WARN_DOCUMENTATION_COMMENTS = YES;
				CLANG_WARN_EMPTY_BODY = YES;
				CLANG_WARN_ENUM_CONVERSION = YES;
				CLANG_WARN_INFINITE_RECURSION = YES;
				CLANG_WARN_INT_CONVERSION = YES;
				CLANG_WARN_NON_LITERAL_NULL_CONVERSION = YES;
				CLANG_WARN_OBJC_IMPLICIT_RETAIN_SELF = YES;
				CLANG_WARN_OBJC_LITERAL_CONVERSION = YES;
				CLANG_WARN_OBJC_ROOT_CLASS = YES_ERROR;
				CLANG_WARN_QUOTED_INCLUDE_IN_FRAMEWORK_HEADER = YES;
				CLANG_WARN_RANGE_LOOP_ANALYSIS = YES;
				CLANG_WARN_STRICT_PROTOTYPES = YES;
				CLANG_WARN_SUSPICIOUS_MOVE = YES;
				CLANG_WARN_UNGUARDED_AVAILABILITY = YES_AGGRESSIVE;
				CLANG_WARN_UNREACHABLE_CODE = YES;
				CLANG_WARN__DUPLICATE_METHOD_MATCH = YES;
				COPY_PHASE_STRIP = NO;
				CURRENT_PROJECT_VERSION = 1;
				DEBUG_INFORMATION_FORMAT = dwarf;
				DEVELOPMENT_TEAM = 8X79G5XCU6;
				ENABLE_STRICT_OBJC_MSGSEND = YES;
				ENABLE_TESTABILITY = YES;
				GCC_C_LANGUAGE_STANDARD = gnu11;
				GCC_DYNAMIC_NO_PIC = NO;
				GCC_NO_COMMON_BLOCKS = YES;
				GCC_OPTIMIZATION_LEVEL = 0;
				GCC_PREPROCESSOR_DEFINITIONS = (
					"$(inherited)",
					"DEBUG=1",
				);
				GCC_WARN_64_TO_32_BIT_CONVERSION = YES;
				GCC_WARN_ABOUT_RETURN_TYPE = YES_ERROR;
				GCC_WARN_UNDECLARED_SELECTOR = YES;
				GCC_WARN_UNINITIALIZED_AUTOS = YES_AGGRESSIVE;
				GCC_WARN_UNUSED_FUNCTION = YES;
				GCC_WARN_UNUSED_VARIABLE = YES;
				IPHONEOS_DEPLOYMENT_TARGET = 17.5;
				MARKETING_VERSION = 1.2.0;
				MTL_ENABLE_DEBUG_INFO = INCLUDE_SOURCE;
				MTL_FAST_MATH = YES;
				ONLY_ACTIVE_ARCH = YES;
				PRODUCT_NAME = "$(TARGET_NAME)";
				SDKROOT = iphoneos;
				SWIFT_ACTIVE_COMPILATION_CONDITIONS = DEBUG;
				SWIFT_OPTIMIZATION_LEVEL = "-Onone";
				SWIFT_VERSION = 5.0;
			};
			name = Debug;
		};
/* End XCBuildConfiguration section */

/* Begin XCConfigurationList section */
		3EA87AECE5B1013152420141 /* Build configuration list for PBXNativeTarget "VoiceDiary" */ = {
			isa = XCConfigurationList;
			buildConfigurations = (
				0F05F1F199B158DC43A14573 /* Debug */,
				4FE85EF4ED605BF375B04302 /* Release */,
			);
			defaultConfigurationIsVisible = 0;
			defaultConfigurationName = Debug;
		};
		5145C1F13AA9C9A2C9F730FD /* Build configuration list for PBXProject "VoiceDiary" */ = {
			isa = XCConfigurationList;
			buildConfigurations = (
				FFEE92F048D8B25AC2A43339 /* Debug */,
				1C57C2237D732FAB6027B517 /* Release */,
			);
			defaultConfigurationIsVisible = 0;
			defaultConfigurationName = Debug;
		};
/* End XCConfigurationList section */
	};
	rootObject = 22863D36D5C5A4F9C2F670EE /* Project object */;
}
